// !$*UTF8*$!
{
	archiveVersion = 1;
	classes = {
	};
	objectVersion = 46;
	objects = {

/* Begin PBXBuildFile section */
		A3235F261E7DC3DF008500B2 /* AdditionalMethods.swift in Sources */ = {isa = PBXBuildFile; fileRef = A3235F251E7DC3DF008500B2 /* AdditionalMethods.swift */; };
		A3235F281E7E017C008500B2 /* CoordinatePoint.swift in Sources */ = {isa = PBXBuildFile; fileRef = A3235F271E7E017C008500B2 /* CoordinatePoint.swift */; };
		A35086BF1E78828200311A8E /* AppDelegate.swift in Sources */ = {isa = PBXBuildFile; fileRef = A35086BE1E78828200311A8E /* AppDelegate.swift */; };
		A35086C11E78828200311A8E /* ViewController.swift in Sources */ = {isa = PBXBuildFile; fileRef = A35086C01E78828200311A8E /* ViewController.swift */; };
		A35086C41E78828200311A8E /* Main.storyboard in Resources */ = {isa = PBXBuildFile; fileRef = A35086C21E78828200311A8E /* Main.storyboard */; };
		A35086C61E78828200311A8E /* Assets.xcassets in Resources */ = {isa = PBXBuildFile; fileRef = A35086C51E78828200311A8E /* Assets.xcassets */; };
		A35086C91E78828200311A8E /* LaunchScreen.storyboard in Resources */ = {isa = PBXBuildFile; fileRef = A35086C71E78828200311A8E /* LaunchScreen.storyboard */; };
		A35086D41E78828200311A8E /* PlayWithColorsTests.swift in Sources */ = {isa = PBXBuildFile; fileRef = A35086D31E78828200311A8E /* PlayWithColorsTests.swift */; };
		A3CE6B1D1E7ACFBB007209FE /* ColoursMatrix.swift in Sources */ = {isa = PBXBuildFile; fileRef = A3CE6B1C1E7ACFBB007209FE /* ColoursMatrix.swift */; };
		A3D8A75A1E81534900EDDD04 /* PWCColorObjectDetector.swift in Sources */ = {isa = PBXBuildFile; fileRef = A3D8A7591E81534900EDDD04 /* PWCColorObjectDetector.swift */; };
		A3E99C371E80742D0001DFAA /* MyView.swift in Sources */ = {isa = PBXBuildFile; fileRef = A3E99C361E80742D0001DFAA /* MyView.swift */; };
		A3E99C391E8097D80001DFAA /* PWCImage.swift in Sources */ = {isa = PBXBuildFile; fileRef = A3E99C381E8097D80001DFAA /* PWCImage.swift */; };
		A3E99C3B1E80A1870001DFAA /* PWCImageMatrix.swift in Sources */ = {isa = PBXBuildFile; fileRef = A3E99C3A1E80A1870001DFAA /* PWCImageMatrix.swift */; };
		A3E99C3D1E80A6520001DFAA /* PWCColors.swift in Sources */ = {isa = PBXBuildFile; fileRef = A3E99C3C1E80A6520001DFAA /* PWCColors.swift */; };
/* End PBXBuildFile section */

/* Begin PBXContainerItemProxy section */
		A35086D01E78828200311A8E /* PBXContainerItemProxy */ = {
			isa = PBXContainerItemProxy;
			containerPortal = A35086B31E78828200311A8E /* Project object */;
			proxyType = 1;
			remoteGlobalIDString = A35086BA1E78828200311A8E;
			remoteInfo = PlayWithColors;
		};
/* End PBXContainerItemProxy section */

/* Begin PBXFileReference section */
		A3235F251E7DC3DF008500B2 /* AdditionalMethods.swift */ = {isa = PBXFileReference; fileEncoding = 4; lastKnownFileType = sourcecode.swift; path = AdditionalMethods.swift; sourceTree = "<group>"; };
		A3235F271E7E017C008500B2 /* CoordinatePoint.swift */ = {isa = PBXFileReference; fileEncoding = 4; lastKnownFileType = sourcecode.swift; path = CoordinatePoint.swift; sourceTree = "<group>"; };
		A35086BB1E78828200311A8E /* PlayWithColors.app */ = {isa = PBXFileReference; explicitFileType = wrapper.application; includeInIndex = 0; path = PlayWithColors.app; sourceTree = BUILT_PRODUCTS_DIR; };
		A35086BE1E78828200311A8E /* AppDelegate.swift */ = {isa = PBXFileReference; lastKnownFileType = sourcecode.swift; path = AppDelegate.swift; sourceTree = "<group>"; };
		A35086C01E78828200311A8E /* ViewController.swift */ = {isa = PBXFileReference; lastKnownFileType = sourcecode.swift; path = ViewController.swift; sourceTree = "<group>"; };
		A35086C31E78828200311A8E /* Base */ = {isa = PBXFileReference; lastKnownFileType = file.storyboard; name = Base; path = Base.lproj/Main.storyboard; sourceTree = "<group>"; };
		A35086C51E78828200311A8E /* Assets.xcassets */ = {isa = PBXFileReference; lastKnownFileType = folder.assetcatalog; path = Assets.xcassets; sourceTree = "<group>"; };
		A35086C81E78828200311A8E /* Base */ = {isa = PBXFileReference; lastKnownFileType = file.storyboard; name = Base; path = Base.lproj/LaunchScreen.storyboard; sourceTree = "<group>"; };
		A35086CA1E78828200311A8E /* Info.plist */ = {isa = PBXFileReference; lastKnownFileType = text.plist.xml; path = Info.plist; sourceTree = "<group>"; };
		A35086CF1E78828200311A8E /* PlayWithColorsTests.xctest */ = {isa = PBXFileReference; explicitFileType = wrapper.cfbundle; includeInIndex = 0; path = PlayWithColorsTests.xctest; sourceTree = BUILT_PRODUCTS_DIR; };
		A35086D31E78828200311A8E /* PlayWithColorsTests.swift */ = {isa = PBXFileReference; lastKnownFileType = sourcecode.swift; path = PlayWithColorsTests.swift; sourceTree = "<group>"; };
		A35086D51E78828200311A8E /* Info.plist */ = {isa = PBXFileReference; lastKnownFileType = text.plist.xml; path = Info.plist; sourceTree = "<group>"; };
		A3CE6B1C1E7ACFBB007209FE /* ColoursMatrix.swift */ = {isa = PBXFileReference; fileEncoding = 4; lastKnownFileType = sourcecode.swift; path = ColoursMatrix.swift; sourceTree = "<group>"; };
		A3D8A7591E81534900EDDD04 /* PWCColorObjectDetector.swift */ = {isa = PBXFileReference; fileEncoding = 4; lastKnownFileType = sourcecode.swift; path = PWCColorObjectDetector.swift; sourceTree = "<group>"; };
		A3E99C361E80742D0001DFAA /* MyView.swift */ = {isa = PBXFileReference; fileEncoding = 4; lastKnownFileType = sourcecode.swift; path = MyView.swift; sourceTree = "<group>"; };
		A3E99C381E8097D80001DFAA /* PWCImage.swift */ = {isa = PBXFileReference; fileEncoding = 4; lastKnownFileType = sourcecode.swift; path = PWCImage.swift; sourceTree = "<group>"; };
		A3E99C3A1E80A1870001DFAA /* PWCImageMatrix.swift */ = {isa = PBXFileReference; fileEncoding = 4; lastKnownFileType = sourcecode.swift; path = PWCImageMatrix.swift; sourceTree = "<group>"; };
		A3E99C3C1E80A6520001DFAA /* PWCColors.swift */ = {isa = PBXFileReference; fileEncoding = 4; lastKnownFileType = sourcecode.swift; path = PWCColors.swift; sourceTree = "<group>"; };
/* End PBXFileReference section */

/* Begin PBXFrameworksBuildPhase section */
		A35086B81E78828200311A8E /* Frameworks */ = {
			isa = PBXFrameworksBuildPhase;
			buildActionMask = 2147483647;
			files = (
			);
			runOnlyForDeploymentPostprocessing = 0;
		};
		A35086CC1E78828200311A8E /* Frameworks */ = {
			isa = PBXFrameworksBuildPhase;
			buildActionMask = 2147483647;
			files = (
			);
			runOnlyForDeploymentPostprocessing = 0;
		};
/* End PBXFrameworksBuildPhase section */

/* Begin PBXGroup section */
		A35086B21E78828200311A8E = {
			isa = PBXGroup;
			children = (
				A35086BD1E78828200311A8E /* PlayWithColors */,
				A35086D21E78828200311A8E /* PlayWithColorsTests */,
				A35086BC1E78828200311A8E /* Products */,
			);
			sourceTree = "<group>";
		};
		A35086BC1E78828200311A8E /* Products */ = {
			isa = PBXGroup;
			children = (
				A35086BB1E78828200311A8E /* PlayWithColors.app */,
				A35086CF1E78828200311A8E /* PlayWithColorsTests.xctest */,
			);
			name = Products;
			sourceTree = "<group>";
		};
		A35086BD1E78828200311A8E /* PlayWithColors */ = {
			isa = PBXGroup;
			children = (
				A35086BE1E78828200311A8E /* AppDelegate.swift */,
				A35086C01E78828200311A8E /* ViewController.swift */,
				A3D8A7591E81534900EDDD04 /* PWCColorObjectDetector.swift */,
				A3E99C361E80742D0001DFAA /* MyView.swift */,
				A3E99C381E8097D80001DFAA /* PWCImage.swift */,
				A3E99C3C1E80A6520001DFAA /* PWCColors.swift */,
				A3E99C3A1E80A1870001DFAA /* PWCImageMatrix.swift */,
				A3235F251E7DC3DF008500B2 /* AdditionalMethods.swift */,
				A3CE6B1C1E7ACFBB007209FE /* ColoursMatrix.swift */,
				A3235F271E7E017C008500B2 /* CoordinatePoint.swift */,
				A35086C21E78828200311A8E /* Main.storyboard */,
				A35086C51E78828200311A8E /* Assets.xcassets */,
				A35086C71E78828200311A8E /* LaunchScreen.storyboard */,
				A35086CA1E78828200311A8E /* Info.plist */,
			);
			path = PlayWithColors;
			sourceTree = "<group>";
		};
		A35086D21E78828200311A8E /* PlayWithColorsTests */ = {
			isa = PBXGroup;
			children = (
				A35086D31E78828200311A8E /* PlayWithColorsTests.swift */,
				A35086D51E78828200311A8E /* Info.plist */,
			);
			path = PlayWithColorsTests;
			sourceTree = "<group>";
		};
/* End PBXGroup section */

/* Begin PBXNativeTarget section */
		A35086BA1E78828200311A8E /* PlayWithColors */ = {
			isa = PBXNativeTarget;
			buildConfigurationList = A35086D81E78828200311A8E /* Build configuration list for PBXNativeTarget "PlayWithColors" */;
			buildPhases = (
				A35086B71E78828200311A8E /* Sources */,
				A35086B81E78828200311A8E /* Frameworks */,
				A35086B91E78828200311A8E /* Resources */,
			);
			buildRules = (
			);
			dependencies = (
			);
			name = PlayWithColors;
			productName = PlayWithColors;
			productReference = A35086BB1E78828200311A8E /* PlayWithColors.app */;
			productType = "com.apple.product-type.application";
		};
		A35086CE1E78828200311A8E /* PlayWithColorsTests */ = {
			isa = PBXNativeTarget;
			buildConfigurationList = A35086DB1E78828200311A8E /* Build configuration list for PBXNativeTarget "PlayWithColorsTests" */;
			buildPhases = (
				A35086CB1E78828200311A8E /* Sources */,
				A35086CC1E78828200311A8E /* Frameworks */,
				A35086CD1E78828200311A8E /* Resources */,
			);
			buildRules = (
			);
			dependencies = (
				A35086D11E78828200311A8E /* PBXTargetDependency */,
			);
			name = PlayWithColorsTests;
			productName = PlayWithColorsTests;
			productReference = A35086CF1E78828200311A8E /* PlayWithColorsTests.xctest */;
			productType = "com.apple.product-type.bundle.unit-test";
		};
/* End PBXNativeTarget section */

/* Begin PBXProject section */
		A35086B31E78828200311A8E /* Project object */ = {
			isa = PBXProject;
			attributes = {
				LastSwiftUpdateCheck = 0820;
				LastUpgradeCheck = 0820;
				ORGANIZATIONNAME = "Darius Miliauskas";
				TargetAttributes = {
					A35086BA1E78828200311A8E = {
						CreatedOnToolsVersion = 8.2.1;
						ProvisioningStyle = Automatic;
					};
					A35086CE1E78828200311A8E = {
						CreatedOnToolsVersion = 8.2.1;
						ProvisioningStyle = Automatic;
						TestTargetID = A35086BA1E78828200311A8E;
					};
				};
			};
			buildConfigurationList = A35086B61E78828200311A8E /* Build configuration list for PBXProject "PlayWithColors" */;
			compatibilityVersion = "Xcode 3.2";
			developmentRegion = English;
			hasScannedForEncodings = 0;
			knownRegions = (
				en,
				Base,
			);
			mainGroup = A35086B21E78828200311A8E;
			productRefGroup = A35086BC1E78828200311A8E /* Products */;
			projectDirPath = "";
			projectRoot = "";
			targets = (
				A35086BA1E78828200311A8E /* PlayWithColors */,
				A35086CE1E78828200311A8E /* PlayWithColorsTests */,
			);
		};
/* End PBXProject section */

/* Begin PBXResourcesBuildPhase section */
		A35086B91E78828200311A8E /* Resources */ = {
			isa = PBXResourcesBuildPhase;
			buildActionMask = 2147483647;
			files = (
				A35086C91E78828200311A8E /* LaunchScreen.storyboard in Resources */,
				A35086C61E78828200311A8E /* Assets.xcassets in Resources */,
				A35086C41E78828200311A8E /* Main.storyboard in Resources */,
			);
			runOnlyForDeploymentPostprocessing = 0;
		};
		A35086CD1E78828200311A8E /* Resources */ = {
			isa = PBXResourcesBuildPhase;
			buildActionMask = 2147483647;
			files = (
			);
			runOnlyForDeploymentPostprocessing = 0;
		};
/* End PBXResourcesBuildPhase section */

/* Begin PBXSourcesBuildPhase section */
		A35086B71E78828200311A8E /* Sources */ = {
			isa = PBXSourcesBuildPhase;
			buildActionMask = 2147483647;
			files = (
				A3E99C371E80742D0001DFAA /* MyView.swift in Sources */,
				A3E99C3B1E80A1870001DFAA /* PWCImageMatrix.swift in Sources */,
				A3CE6B1D1E7ACFBB007209FE /* ColoursMatrix.swift in Sources */,
				A3D8A75A1E81534900EDDD04 /* PWCColorObjectDetector.swift in Sources */,
				A3E99C391E8097D80001DFAA /* PWCImage.swift in Sources */,
				A35086C11E78828200311A8E /* ViewController.swift in Sources */,
				A3E99C3D1E80A6520001DFAA /* PWCColors.swift in Sources */,
				A3235F281E7E017C008500B2 /* CoordinatePoint.swift in Sources */,
				A35086BF1E78828200311A8E /* AppDelegate.swift in Sources */,
				A3235F261E7DC3DF008500B2 /* AdditionalMethods.swift in Sources */,
			);
			runOnlyForDeploymentPostprocessing = 0;
		};
		A35086CB1E78828200311A8E /* Sources */ = {
			isa = PBXSourcesBuildPhase;
			buildActionMask = 2147483647;
			files = (
				A35086D41E78828200311A8E /* PlayWithColorsTests.swift in Sources */,
			);
			runOnlyForDeploymentPostprocessing = 0;
		};
/* End PBXSourcesBuildPhase section */

/* Begin PBXTargetDependency section */
		A35086D11E78828200311A8E /* PBXTargetDependency */ = {
			isa = PBXTargetDependency;
			target = A35086BA1E78828200311A8E /* PlayWithColors */;
			targetProxy = A35086D01E78828200311A8E /* PBXContainerItemProxy */;
		};
/* End PBXTargetDependency section */

/* Begin PBXVariantGroup section */
		A35086C21E78828200311A8E /* Main.storyboard */ = {
			isa = PBXVariantGroup;
			children = (
				A35086C31E78828200311A8E /* Base */,
			);
			name = Main.storyboard;
			sourceTree = "<group>";
		};
		A35086C71E78828200311A8E /* LaunchScreen.storyboard */ = {
			isa = PBXVariantGroup;
			children = (
				A35086C81E78828200311A8E /* Base */,
			);
			name = LaunchScreen.storyboard;
			sourceTree = "<group>";
		};
/* End PBXVariantGroup section */

/* Begin XCBuildConfiguration section */
		A35086D61E78828200311A8E /* Debug */ = {
			isa = XCBuildConfiguration;
			buildSettings = {
				ALWAYS_SEARCH_USER_PATHS = NO;
				CLANG_ANALYZER_NONNULL = YES;
				CLANG_CXX_LANGUAGE_STANDARD = "gnu++0x";
				CLANG_CXX_LIBRARY = "libc++";
				CLANG_ENABLE_MODULES = YES;
				CLANG_ENABLE_OBJC_ARC = YES;
				CLANG_WARN_BOOL_CONVERSION = YES;
				CLANG_WARN_CONSTANT_CONVERSION = YES;
				CLANG_WARN_DIRECT_OBJC_ISA_USAGE = YES_ERROR;
				CLANG_WARN_DOCUMENTATION_COMMENTS = YES;
				CLANG_WARN_EMPTY_BODY = YES;
				CLANG_WARN_ENUM_CONVERSION = YES;
				CLANG_WARN_INFINITE_RECURSION = YES;
				CLANG_WARN_INT_CONVERSION = YES;
				CLANG_WARN_OBJC_ROOT_CLASS = YES_ERROR;
				CLANG_WARN_SUSPICIOUS_MOVE = YES;
				CLANG_WARN_UNREACHABLE_CODE = YES;
				CLANG_WARN__DUPLICATE_METHOD_MATCH = YES;
				"CODE_SIGN_IDENTITY[sdk=iphoneos*]" = "iPhone Developer";
				COPY_PHASE_STRIP = NO;
				DEBUG_INFORMATION_FORMAT = dwarf;
				ENABLE_STRICT_OBJC_MSGSEND = YES;
				ENABLE_TESTABILITY = YES;
				GCC_C_LANGUAGE_STANDARD = gnu99;
				GCC_DYNAMIC_NO_PIC = NO;
				GCC_NO_COMMON_BLOCKS = YES;
				GCC_OPTIMIZATION_LEVEL = 0;
				GCC_PREPROCESSOR_DEFINITIONS = (
					"DEBUG=1",
					"$(inherited)",
				);
				GCC_WARN_64_TO_32_BIT_CONVERSION = YES;
				GCC_WARN_ABOUT_RETURN_TYPE = YES_ERROR;
				GCC_WARN_UNDECLARED_SELECTOR = YES;
				GCC_WARN_UNINITIALIZED_AUTOS = YES_AGGRESSIVE;
				GCC_WARN_UNUSED_FUNCTION = YES;
				GCC_WARN_UNUSED_VARIABLE = YES;
				IPHONEOS_DEPLOYMENT_TARGET = 10.2;
				MTL_ENABLE_DEBUG_INFO = YES;
				ONLY_ACTIVE_ARCH = YES;
				SDKROOT = iphoneos;
				SWIFT_ACTIVE_COMPILATION_CONDITIONS = DEBUG;
				SWIFT_OPTIMIZATION_LEVEL = "-Onone";
			};
			name = Debug;
		};
		A35086D71E78828200311A8E /* Release */ = {
			isa = XCBuildConfiguration;
			buildSettings = {
				ALWAYS_SEARCH_USER_PATHS = NO;
				CLANG_ANALYZER_NONNULL = YES;
				CLANG_CXX_LANGUAGE_STANDARD = "gnu++0x";
				CLANG_CXX_LIBRARY = "libc++";
				CLANG_ENABLE_MODULES = YES;
				CLANG_ENABLE_OBJC_ARC = YES;
				CLANG_WARN_BOOL_CONVERSION = YES;
				CLANG_WARN_CONSTANT_CONVERSION = YES;
				CLANG_WARN_DIRECT_OBJC_ISA_USAGE = YES_ERROR;
				CLANG_WARN_DOCUMENTATION_COMMENTS = YES;
				CLANG_WARN_EMPTY_BODY = YES;
				CLANG_WARN_ENUM_CONVERSION = YES;
				CLANG_WARN_INFINITE_RECURSION = YES;
				CLANG_WARN_INT_CONVERSION = YES;
				CLANG_WARN_OBJC_ROOT_CLASS = YES_ERROR;
				CLANG_WARN_SUSPICIOUS_MOVE = YES;
				CLANG_WARN_UNREACHABLE_CODE = YES;
				CLANG_WARN__DUPLICATE_METHOD_MATCH = YES;
				"CODE_SIGN_IDENTITY[sdk=iphoneos*]" = "iPhone Developer";
				COPY_PHASE_STRIP = NO;
				DEBUG_INFORMATION_FORMAT = "dwarf-with-dsym";
				ENABLE_NS_ASSERTIONS = NO;
				ENABLE_STRICT_OBJC_MSGSEND = YES;
				GCC_C_LANGUAGE_STANDARD = gnu99;
				GCC_NO_COMMON_BLOCKS = YES;
				GCC_WARN_64_TO_32_BIT_CONVERSION = YES;
				GCC_WARN_ABOUT_RETURN_TYPE = YES_ERROR;
				GCC_WARN_UNDECLARED_SELECTOR = YES;
				GCC_WARN_UNINITIALIZED_AUTOS = YES_AGGRESSIVE;
				GCC_WARN_UNUSED_FUNCTION = YES;
				GCC_WARN_UNUSED_VARIABLE = YES;
				IPHONEOS_DEPLOYMENT_TARGET = 10.2;
				MTL_ENABLE_DEBUG_INFO = NO;
				SDKROOT = iphoneos;
				SWIFT_OPTIMIZATION_LEVEL = "-Owholemodule";
				VALIDATE_PRODUCT = YES;
			};
			name = Release;
		};
		A35086D91E78828200311A8E /* Debug */ = {
			isa = XCBuildConfiguration;
			buildSettings = {
				ASSETCATALOG_COMPILER_APPICON_NAME = AppIcon;
				INFOPLIST_FILE = PlayWithColors/Info.plist;
				LD_RUNPATH_SEARCH_PATHS = "$(inherited) @executable_path/Frameworks";
				PRODUCT_BUNDLE_IDENTIFIER = com.dariukas.PlayWithColors;
				PRODUCT_NAME = "$(TARGET_NAME)";
				SWIFT_VERSION = 3.0;
			};
			name = Debug;
		};
		A35086DA1E78828200311A8E /* Release */ = {
			isa = XCBuildConfiguration;
			buildSettings = {
				ASSETCATALOG_COMPILER_APPICON_NAME = AppIcon;
				INFOPLIST_FILE = PlayWithColors/Info.plist;
				LD_RUNPATH_SEARCH_PATHS = "$(inherited) @executable_path/Frameworks";
				PRODUCT_BUNDLE_IDENTIFIER = com.dariukas.PlayWithColors;
				PRODUCT_NAME = "$(TARGET_NAME)";
				SWIFT_VERSION = 3.0;
			};
			name = Release;
		};
		A35086DC1E78828200311A8E /* Debug */ = {
			isa = XCBuildConfiguration;
			buildSettings = {
				ALWAYS_EMBED_SWIFT_STANDARD_LIBRARIES = YES;
				BUNDLE_LOADER = "$(TEST_HOST)";
				INFOPLIST_FILE = PlayWithColorsTests/Info.plist;
				LD_RUNPATH_SEARCH_PATHS = "$(inherited) @executable_path/Frameworks @loader_path/Frameworks";
				PRODUCT_BUNDLE_IDENTIFIER = com.dariukas.PlayWithColorsTests;
				PRODUCT_NAME = "$(TARGET_NAME)";
				SWIFT_VERSION = 3.0;
				TEST_HOST = "$(BUILT_PRODUCTS_DIR)/PlayWithColors.app/PlayWithColors";
			};
			name = Debug;
		};
		A35086DD1E78828200311A8E /* Release */ = {
			isa = XCBuildConfiguration;
			buildSettings = {
				ALWAYS_EMBED_SWIFT_STANDARD_LIBRARIES = YES;
				BUNDLE_LOADER = "$(TEST_HOST)";
				INFOPLIST_FILE = PlayWithColorsTests/Info.plist;
				LD_RUNPATH_SEARCH_PATHS = "$(inherited) @executable_path/Frameworks @loader_path/Frameworks";
				PRODUCT_BUNDLE_IDENTIFIER = com.dariukas.PlayWithColorsTests;
				PRODUCT_NAME = "$(TARGET_NAME)";
				SWIFT_VERSION = 3.0;
				TEST_HOST = "$(BUILT_PRODUCTS_DIR)/PlayWithColors.app/PlayWithColors";
			};
			name = Release;
		};
/* End XCBuildConfiguration section */

/* Begin XCConfigurationList section */
		A35086B61E78828200311A8E /* Build configuration list for PBXProject "PlayWithColors" */ = {
			isa = XCConfigurationList;
			buildConfigurations = (
				A35086D61E78828200311A8E /* Debug */,
				A35086D71E78828200311A8E /* Release */,
			);
			defaultConfigurationIsVisible = 0;
			defaultConfigurationName = Release;
		};
		A35086D81E78828200311A8E /* Build configuration list for PBXNativeTarget "PlayWithColors" */ = {
			isa = XCConfigurationList;
			buildConfigurations = (
				A35086D91E78828200311A8E /* Debug */,
				A35086DA1E78828200311A8E /* Release */,
			);
			defaultConfigurationIsVisible = 0;
			defaultConfigurationName = Release;
		};
		A35086DB1E78828200311A8E /* Build configuration list for PBXNativeTarget "PlayWithColorsTests" */ = {
			isa = XCConfigurationList;
			buildConfigurations = (
				A35086DC1E78828200311A8E /* Debug */,
				A35086DD1E78828200311A8E /* Release */,
			);
			defaultConfigurationIsVisible = 0;
			defaultConfigurationName = Release;
		};
/* End XCConfigurationList section */
	};
	rootObject = A35086B31E78828200311A8E /* Project object */;
}
